
Microsoft Visual Studio Solution File, Format Version 12.00
# Visual Studio Version 16
VisualStudioVersion = 16.0.30907.101
MinimumVisualStudioVersion = 10.0.40219.1
Project("{9A19103F-16F7-4668-BE54-9A1E7A4F7556}") = "Assignment5", "Assignment5\Assignment5.csproj", "{BA67F9C5-2E4F-490D-882B-AE95157EAA71}"
EndProject
Global
	GlobalSection(SolutionConfigurationPlatforms) = preSolution
		Debug|Any CPU = Debug|Any CPU
		Release|Any CPU = Release|Any CPU
	EndGlobalSection
	GlobalSection(ProjectConfigurationPlatforms) = postSolution
		{BA67F9C5-2E4F-490D-882B-AE95157EAA71}.Debug|Any CPU.ActiveCfg = Debug|Any CPU
		{BA67F9C5-2E4F-490D-882B-AE95157EAA71}.Debug|Any CPU.Build.0 = Debug|Any CPU
		{BA67F9C5-2E4F-490D-882B-AE95157EAA71}.Release|Any CPU.ActiveCfg = Release|Any CPU
		{BA67F9C5-2E4F-490D-882B-AE95157EAA71}.Release|Any CPU.Build.0 = Release|Any CPU
	EndGlobalSection
	GlobalSection(SolutionProperties) = preSolution
		HideSolutionNode = FALSE
	EndGlobalSection
	GlobalSection(ExtensibilityGlobals) = postSolution
		SolutionGuid = {0C5CB559-D4EC-4C77-AD86-8DBB70CBBC85}
	EndGlobalSection
EndGlobal
